// !$*UTF8*$!
{
	archiveVersion = 1;
	classes = {
	};
	objectVersion = 56;
	objects = {

/* Begin PBXBuildFile section */
		E007182B2991AC1F0098DD53 /* CryptoDemoApp.swift in Sources */ = {isa = PBXBuildFile; fileRef = E007182A2991AC1F0098DD53 /* CryptoDemoApp.swift */; };
		E007182D2991AC1F0098DD53 /* ContentView.swift in Sources */ = {isa = PBXBuildFile; fileRef = E007182C2991AC1F0098DD53 /* ContentView.swift */; };
		E007182F2991AC200098DD53 /* Assets.xcassets in Resources */ = {isa = PBXBuildFile; fileRef = E007182E2991AC200098DD53 /* Assets.xcassets */; };
		E00718322991AC200098DD53 /* Preview Assets.xcassets in Resources */ = {isa = PBXBuildFile; fileRef = E00718312991AC200098DD53 /* Preview Assets.xcassets */; };
		E00718342991AC200098DD53 /* Persistence.swift in Sources */ = {isa = PBXBuildFile; fileRef = E00718332991AC200098DD53 /* Persistence.swift */; };
		E00718372991AC200098DD53 /* CryptoDemo.xcdatamodeld in Sources */ = {isa = PBXBuildFile; fileRef = E00718352991AC200098DD53 /* CryptoDemo.xcdatamodeld */; };
		E00718412991AC210098DD53 /* CryptoDemoTests.swift in Sources */ = {isa = PBXBuildFile; fileRef = E00718402991AC210098DD53 /* CryptoDemoTests.swift */; };
		E007184B2991AC210098DD53 /* CryptoDemoUITests.swift in Sources */ = {isa = PBXBuildFile; fileRef = E007184A2991AC210098DD53 /* CryptoDemoUITests.swift */; };
		E007184D2991AC210098DD53 /* CryptoDemoUITestsLaunchTests.swift in Sources */ = {isa = PBXBuildFile; fileRef = E007184C2991AC210098DD53 /* CryptoDemoUITestsLaunchTests.swift */; };
		E007185D2991AE910098DD53 /* Color.swift in Sources */ = {isa = PBXBuildFile; fileRef = E007185C2991AE910098DD53 /* Color.swift */; };
		E00718632991B1F90098DD53 /* HomeView.swift in Sources */ = {isa = PBXBuildFile; fileRef = E00718622991B1F90098DD53 /* HomeView.swift */; };
		E00718672991B3A30098DD53 /* CircleButtonView.swift in Sources */ = {isa = PBXBuildFile; fileRef = E00718662991B3A30098DD53 /* CircleButtonView.swift */; };
		E00718692991B9620098DD53 /* CircleButtonAnimationView.swift in Sources */ = {isa = PBXBuildFile; fileRef = E00718682991B9620098DD53 /* CircleButtonAnimationView.swift */; };
		E007186C2991C12F0098DD53 /* CoinModel.swift in Sources */ = {isa = PBXBuildFile; fileRef = E007186B2991C12F0098DD53 /* CoinModel.swift */; };
		E007186E2991C93D0098DD53 /* CoinRowView.swift in Sources */ = {isa = PBXBuildFile; fileRef = E007186D2991C93D0098DD53 /* CoinRowView.swift */; };
		E00718702991C9F30098DD53 /* PreviewProvider.swift in Sources */ = {isa = PBXBuildFile; fileRef = E007186F2991C9F30098DD53 /* PreviewProvider.swift */; };
		E00718722991D3430098DD53 /* Double.swift in Sources */ = {isa = PBXBuildFile; fileRef = E00718712991D3430098DD53 /* Double.swift */; };
		E00718742991E1C30098DD53 /* HomeViewModel.swift in Sources */ = {isa = PBXBuildFile; fileRef = E00718732991E1C30098DD53 /* HomeViewModel.swift */; };
		E00718772991F67B0098DD53 /* CoinDataService.swift in Sources */ = {isa = PBXBuildFile; fileRef = E00718762991F67B0098DD53 /* CoinDataService.swift */; };
		E0071879299207A90098DD53 /* NetworkingManager.swift in Sources */ = {isa = PBXBuildFile; fileRef = E0071878299207A90098DD53 /* NetworkingManager.swift */; };
		E007187C29920D860098DD53 /* CoinImageView.swift in Sources */ = {isa = PBXBuildFile; fileRef = E007187B29920D860098DD53 /* CoinImageView.swift */; };
		E007187E29920FAE0098DD53 /* CoinImageService.swift in Sources */ = {isa = PBXBuildFile; fileRef = E007187D29920FAE0098DD53 /* CoinImageService.swift */; };
		E00718802992112D0098DD53 /* CoinImageViewModel.swift in Sources */ = {isa = PBXBuildFile; fileRef = E007187F2992112D0098DD53 /* CoinImageViewModel.swift */; };
		E0071882299222280098DD53 /* LocalFileManager.swift in Sources */ = {isa = PBXBuildFile; fileRef = E0071881299222280098DD53 /* LocalFileManager.swift */; };
		E0071885299233B10098DD53 /* SearchBarView.swift in Sources */ = {isa = PBXBuildFile; fileRef = E0071884299233B10098DD53 /* SearchBarView.swift */; };
		E0071887299239540098DD53 /* UIApplication.swift in Sources */ = {isa = PBXBuildFile; fileRef = E0071886299239540098DD53 /* UIApplication.swift */; };
/* End PBXBuildFile section */

/* Begin PBXContainerItemProxy section */
		E007183D2991AC210098DD53 /* PBXContainerItemProxy */ = {
			isa = PBXContainerItemProxy;
			containerPortal = E007181F2991AC1F0098DD53 /* Project object */;
			proxyType = 1;
			remoteGlobalIDString = E00718262991AC1F0098DD53;
			remoteInfo = CryptoDemo;
		};
		E00718472991AC210098DD53 /* PBXContainerItemProxy */ = {
			isa = PBXContainerItemProxy;
			containerPortal = E007181F2991AC1F0098DD53 /* Project object */;
			proxyType = 1;
			remoteGlobalIDString = E00718262991AC1F0098DD53;
			remoteInfo = CryptoDemo;
		};
/* End PBXContainerItemProxy section */

/* Begin PBXFileReference section */
		E00718272991AC1F0098DD53 /* CryptoDemo.app */ = {isa = PBXFileReference; explicitFileType = wrapper.application; includeInIndex = 0; path = CryptoDemo.app; sourceTree = BUILT_PRODUCTS_DIR; };
		E007182A2991AC1F0098DD53 /* CryptoDemoApp.swift */ = {isa = PBXFileReference; lastKnownFileType = sourcecode.swift; path = CryptoDemoApp.swift; sourceTree = "<group>"; };
		E007182C2991AC1F0098DD53 /* ContentView.swift */ = {isa = PBXFileReference; lastKnownFileType = sourcecode.swift; path = ContentView.swift; sourceTree = "<group>"; };
		E007182E2991AC200098DD53 /* Assets.xcassets */ = {isa = PBXFileReference; lastKnownFileType = folder.assetcatalog; path = Assets.xcassets; sourceTree = "<group>"; };
		E00718312991AC200098DD53 /* Preview Assets.xcassets */ = {isa = PBXFileReference; lastKnownFileType = folder.assetcatalog; path = "Preview Assets.xcassets"; sourceTree = "<group>"; };
		E00718332991AC200098DD53 /* Persistence.swift */ = {isa = PBXFileReference; lastKnownFileType = sourcecode.swift; path = Persistence.swift; sourceTree = "<group>"; };
		E00718362991AC200098DD53 /* CryptoDemo.xcdatamodel */ = {isa = PBXFileReference; lastKnownFileType = wrapper.xcdatamodel; path = CryptoDemo.xcdatamodel; sourceTree = "<group>"; };
		E007183C2991AC210098DD53 /* CryptoDemoTests.xctest */ = {isa = PBXFileReference; explicitFileType = wrapper.cfbundle; includeInIndex = 0; path = CryptoDemoTests.xctest; sourceTree = BUILT_PRODUCTS_DIR; };
		E00718402991AC210098DD53 /* CryptoDemoTests.swift */ = {isa = PBXFileReference; lastKnownFileType = sourcecode.swift; path = CryptoDemoTests.swift; sourceTree = "<group>"; };
		E00718462991AC210098DD53 /* CryptoDemoUITests.xctest */ = {isa = PBXFileReference; explicitFileType = wrapper.cfbundle; includeInIndex = 0; path = CryptoDemoUITests.xctest; sourceTree = BUILT_PRODUCTS_DIR; };
		E007184A2991AC210098DD53 /* CryptoDemoUITests.swift */ = {isa = PBXFileReference; lastKnownFileType = sourcecode.swift; path = CryptoDemoUITests.swift; sourceTree = "<group>"; };
		E007184C2991AC210098DD53 /* CryptoDemoUITestsLaunchTests.swift */ = {isa = PBXFileReference; lastKnownFileType = sourcecode.swift; path = CryptoDemoUITestsLaunchTests.swift; sourceTree = "<group>"; };
		E007185C2991AE910098DD53 /* Color.swift */ = {isa = PBXFileReference; lastKnownFileType = sourcecode.swift; path = Color.swift; sourceTree = "<group>"; };
		E00718622991B1F90098DD53 /* HomeView.swift */ = {isa = PBXFileReference; lastKnownFileType = sourcecode.swift; path = HomeView.swift; sourceTree = "<group>"; };
		E00718662991B3A30098DD53 /* CircleButtonView.swift */ = {isa = PBXFileReference; lastKnownFileType = sourcecode.swift; path = CircleButtonView.swift; sourceTree = "<group>"; };
		E00718682991B9620098DD53 /* CircleButtonAnimationView.swift */ = {isa = PBXFileReference; lastKnownFileType = sourcecode.swift; path = CircleButtonAnimationView.swift; sourceTree = "<group>"; };
		E007186B2991C12F0098DD53 /* CoinModel.swift */ = {isa = PBXFileReference; lastKnownFileType = sourcecode.swift; path = CoinModel.swift; sourceTree = "<group>"; };
		E007186D2991C93D0098DD53 /* CoinRowView.swift */ = {isa = PBXFileReference; lastKnownFileType = sourcecode.swift; path = CoinRowView.swift; sourceTree = "<group>"; };
		E007186F2991C9F30098DD53 /* PreviewProvider.swift */ = {isa = PBXFileReference; lastKnownFileType = sourcecode.swift; path = PreviewProvider.swift; sourceTree = "<group>"; };
		E00718712991D3430098DD53 /* Double.swift */ = {isa = PBXFileReference; lastKnownFileType = sourcecode.swift; path = Double.swift; sourceTree = "<group>"; };
		E00718732991E1C30098DD53 /* HomeViewModel.swift */ = {isa = PBXFileReference; lastKnownFileType = sourcecode.swift; path = HomeViewModel.swift; sourceTree = "<group>"; };
		E00718762991F67B0098DD53 /* CoinDataService.swift */ = {isa = PBXFileReference; lastKnownFileType = sourcecode.swift; path = CoinDataService.swift; sourceTree = "<group>"; };
		E0071878299207A90098DD53 /* NetworkingManager.swift */ = {isa = PBXFileReference; lastKnownFileType = sourcecode.swift; path = NetworkingManager.swift; sourceTree = "<group>"; };
		E007187B29920D860098DD53 /* CoinImageView.swift */ = {isa = PBXFileReference; lastKnownFileType = sourcecode.swift; path = CoinImageView.swift; sourceTree = "<group>"; };
		E007187D29920FAE0098DD53 /* CoinImageService.swift */ = {isa = PBXFileReference; lastKnownFileType = sourcecode.swift; path = CoinImageService.swift; sourceTree = "<group>"; };
		E007187F2992112D0098DD53 /* CoinImageViewModel.swift */ = {isa = PBXFileReference; lastKnownFileType = sourcecode.swift; path = CoinImageViewModel.swift; sourceTree = "<group>"; };
		E0071881299222280098DD53 /* LocalFileManager.swift */ = {isa = PBXFileReference; lastKnownFileType = sourcecode.swift; path = LocalFileManager.swift; sourceTree = "<group>"; };
		E0071884299233B10098DD53 /* SearchBarView.swift */ = {isa = PBXFileReference; lastKnownFileType = sourcecode.swift; path = SearchBarView.swift; sourceTree = "<group>"; };
		E0071886299239540098DD53 /* UIApplication.swift */ = {isa = PBXFileReference; lastKnownFileType = sourcecode.swift; path = UIApplication.swift; sourceTree = "<group>"; };
/* End PBXFileReference section */

/* Begin PBXFrameworksBuildPhase section */
		E00718242991AC1F0098DD53 /* Frameworks */ = {
			isa = PBXFrameworksBuildPhase;
			buildActionMask = 2147483647;
			files = (
			);
			runOnlyForDeploymentPostprocessing = 0;
		};
		E00718392991AC210098DD53 /* Frameworks */ = {
			isa = PBXFrameworksBuildPhase;
			buildActionMask = 2147483647;
			files = (
			);
			runOnlyForDeploymentPostprocessing = 0;
		};
		E00718432991AC210098DD53 /* Frameworks */ = {
			isa = PBXFrameworksBuildPhase;
			buildActionMask = 2147483647;
			files = (
			);
			runOnlyForDeploymentPostprocessing = 0;
		};
/* End PBXFrameworksBuildPhase section */

/* Begin PBXGroup section */
		E007181E2991AC1F0098DD53 = {
			isa = PBXGroup;
			children = (
				E00718292991AC1F0098DD53 /* CryptoDemo */,
				E007183F2991AC210098DD53 /* CryptoDemoTests */,
				E00718492991AC210098DD53 /* CryptoDemoUITests */,
				E00718282991AC1F0098DD53 /* Products */,
			);
			sourceTree = "<group>";
		};
		E00718282991AC1F0098DD53 /* Products */ = {
			isa = PBXGroup;
			children = (
				E00718272991AC1F0098DD53 /* CryptoDemo.app */,
				E007183C2991AC210098DD53 /* CryptoDemoTests.xctest */,
				E00718462991AC210098DD53 /* CryptoDemoUITests.xctest */,
			);
			name = Products;
			sourceTree = "<group>";
		};
		E00718292991AC1F0098DD53 /* CryptoDemo */ = {
			isa = PBXGroup;
			children = (
				E00718752991F6510098DD53 /* Services */,
				E007185E2991B1AF0098DD53 /* Core */,
				E007185B2991AE780098DD53 /* Extensions */,
				E007186A2991C10C0098DD53 /* Models */,
				E007182A2991AC1F0098DD53 /* CryptoDemoApp.swift */,
				E007182C2991AC1F0098DD53 /* ContentView.swift */,
				E007182E2991AC200098DD53 /* Assets.xcassets */,
				E00718332991AC200098DD53 /* Persistence.swift */,
				E00718352991AC200098DD53 /* CryptoDemo.xcdatamodeld */,
				E00718302991AC200098DD53 /* Preview Content */,
			);
			path = CryptoDemo;
			sourceTree = "<group>";
		};
		E00718302991AC200098DD53 /* Preview Content */ = {
			isa = PBXGroup;
			children = (
				E00718312991AC200098DD53 /* Preview Assets.xcassets */,
			);
			path = "Preview Content";
			sourceTree = "<group>";
		};
		E007183F2991AC210098DD53 /* CryptoDemoTests */ = {
			isa = PBXGroup;
			children = (
				E00718402991AC210098DD53 /* CryptoDemoTests.swift */,
			);
			path = CryptoDemoTests;
			sourceTree = "<group>";
		};
		E00718492991AC210098DD53 /* CryptoDemoUITests */ = {
			isa = PBXGroup;
			children = (
				E007184A2991AC210098DD53 /* CryptoDemoUITests.swift */,
				E007184C2991AC210098DD53 /* CryptoDemoUITestsLaunchTests.swift */,
			);
			path = CryptoDemoUITests;
			sourceTree = "<group>";
		};
		E007185B2991AE780098DD53 /* Extensions */ = {
			isa = PBXGroup;
			children = (
				E007185C2991AE910098DD53 /* Color.swift */,
				E007186F2991C9F30098DD53 /* PreviewProvider.swift */,
				E00718712991D3430098DD53 /* Double.swift */,
				E0071886299239540098DD53 /* UIApplication.swift */,
			);
			path = Extensions;
			sourceTree = "<group>";
		};
		E007185E2991B1AF0098DD53 /* Core */ = {
			isa = PBXGroup;
			children = (
				E00718642991B3730098DD53 /* Components */,
				E007185F2991B1C80098DD53 /* Home */,
			);
			path = Core;
			sourceTree = "<group>";
		};
		E007185F2991B1C80098DD53 /* Home */ = {
			isa = PBXGroup;
			children = (
				E00718612991B1E20098DD53 /* Views */,
				E00718602991B1D00098DD53 /* ViewModels */,
			);
			path = Home;
			sourceTree = "<group>";
		};
		E00718602991B1D00098DD53 /* ViewModels */ = {
			isa = PBXGroup;
			children = (
				E00718732991E1C30098DD53 /* HomeViewModel.swift */,
			);
			path = ViewModels;
			sourceTree = "<group>";
		};
		E00718612991B1E20098DD53 /* Views */ = {
			isa = PBXGroup;
			children = (
				E00718622991B1F90098DD53 /* HomeView.swift */,
				E007186D2991C93D0098DD53 /* CoinRowView.swift */,
			);
			path = Views;
			sourceTree = "<group>";
		};
		E00718642991B3730098DD53 /* Components */ = {
			isa = PBXGroup;
			children = (
				E0071883299233950098DD53 /* SearchBar */,
				E007187A29920D700098DD53 /* CoinImage */,
				E00718652991B3890098DD53 /* CircleButton */,
			);
			path = Components;
			sourceTree = "<group>";
		};
		E00718652991B3890098DD53 /* CircleButton */ = {
			isa = PBXGroup;
			children = (
				E00718662991B3A30098DD53 /* CircleButtonView.swift */,
				E00718682991B9620098DD53 /* CircleButtonAnimationView.swift */,
			);
			path = CircleButton;
			sourceTree = "<group>";
		};
		E007186A2991C10C0098DD53 /* Models */ = {
			isa = PBXGroup;
			children = (
				E007186B2991C12F0098DD53 /* CoinModel.swift */,
			);
			path = Models;
			sourceTree = "<group>";
		};
		E00718752991F6510098DD53 /* Services */ = {
			isa = PBXGroup;
			children = (
				E00718762991F67B0098DD53 /* CoinDataService.swift */,
				E0071878299207A90098DD53 /* NetworkingManager.swift */,
				E007187D29920FAE0098DD53 /* CoinImageService.swift */,
				E0071881299222280098DD53 /* LocalFileManager.swift */,
			);
			path = Services;
			sourceTree = "<group>";
		};
		E007187A29920D700098DD53 /* CoinImage */ = {
			isa = PBXGroup;
			children = (
				E007187B29920D860098DD53 /* CoinImageView.swift */,
				E007187F2992112D0098DD53 /* CoinImageViewModel.swift */,
			);
			path = CoinImage;
			sourceTree = "<group>";
		};
		E0071883299233950098DD53 /* SearchBar */ = {
			isa = PBXGroup;
			children = (
				E0071884299233B10098DD53 /* SearchBarView.swift */,
			);
			path = SearchBar;
			sourceTree = "<group>";
		};
/* End PBXGroup section */

/* Begin PBXNativeTarget section */
		E00718262991AC1F0098DD53 /* CryptoDemo */ = {
			isa = PBXNativeTarget;
			buildConfigurationList = E00718502991AC210098DD53 /* Build configuration list for PBXNativeTarget "CryptoDemo" */;
			buildPhases = (
				E00718232991AC1F0098DD53 /* Sources */,
				E00718242991AC1F0098DD53 /* Frameworks */,
				E00718252991AC1F0098DD53 /* Resources */,
			);
			buildRules = (
			);
			dependencies = (
			);
			name = CryptoDemo;
			productName = CryptoDemo;
			productReference = E00718272991AC1F0098DD53 /* CryptoDemo.app */;
			productType = "com.apple.product-type.application";
		};
		E007183B2991AC210098DD53 /* CryptoDemoTests */ = {
			isa = PBXNativeTarget;
			buildConfigurationList = E00718532991AC210098DD53 /* Build configuration list for PBXNativeTarget "CryptoDemoTests" */;
			buildPhases = (
				E00718382991AC210098DD53 /* Sources */,
				E00718392991AC210098DD53 /* Frameworks */,
				E007183A2991AC210098DD53 /* Resources */,
			);
			buildRules = (
			);
			dependencies = (
				E007183E2991AC210098DD53 /* PBXTargetDependency */,
			);
			name = CryptoDemoTests;
			productName = CryptoDemoTests;
			productReference = E007183C2991AC210098DD53 /* CryptoDemoTests.xctest */;
			productType = "com.apple.product-type.bundle.unit-test";
		};
		E00718452991AC210098DD53 /* CryptoDemoUITests */ = {
			isa = PBXNativeTarget;
			buildConfigurationList = E00718562991AC210098DD53 /* Build configuration list for PBXNativeTarget "CryptoDemoUITests" */;
			buildPhases = (
				E00718422991AC210098DD53 /* Sources */,
				E00718432991AC210098DD53 /* Frameworks */,
				E00718442991AC210098DD53 /* Resources */,
			);
			buildRules = (
			);
			dependencies = (
				E00718482991AC210098DD53 /* PBXTargetDependency */,
			);
			name = CryptoDemoUITests;
			productName = CryptoDemoUITests;
			productReference = E00718462991AC210098DD53 /* CryptoDemoUITests.xctest */;
			productType = "com.apple.product-type.bundle.ui-testing";
		};
/* End PBXNativeTarget section */

/* Begin PBXProject section */
		E007181F2991AC1F0098DD53 /* Project object */ = {
			isa = PBXProject;
			attributes = {
				BuildIndependentTargetsInParallel = 1;
				LastSwiftUpdateCheck = 1420;
				LastUpgradeCheck = 1420;
				TargetAttributes = {
					E00718262991AC1F0098DD53 = {
						CreatedOnToolsVersion = 14.2;
					};
					E007183B2991AC210098DD53 = {
						CreatedOnToolsVersion = 14.2;
						TestTargetID = E00718262991AC1F0098DD53;
					};
					E00718452991AC210098DD53 = {
						CreatedOnToolsVersion = 14.2;
						TestTargetID = E00718262991AC1F0098DD53;
					};
				};
			};
			buildConfigurationList = E00718222991AC1F0098DD53 /* Build configuration list for PBXProject "CryptoDemo" */;
			compatibilityVersion = "Xcode 14.0";
			developmentRegion = en;
			hasScannedForEncodings = 0;
			knownRegions = (
				en,
				Base,
			);
			mainGroup = E007181E2991AC1F0098DD53;
			productRefGroup = E00718282991AC1F0098DD53 /* Products */;
			projectDirPath = "";
			projectRoot = "";
			targets = (
				E00718262991AC1F0098DD53 /* CryptoDemo */,
				E007183B2991AC210098DD53 /* CryptoDemoTests */,
				E00718452991AC210098DD53 /* CryptoDemoUITests */,
			);
		};
/* End PBXProject section */

/* Begin PBXResourcesBuildPhase section */
		E00718252991AC1F0098DD53 /* Resources */ = {
			isa = PBXResourcesBuildPhase;
			buildActionMask = 2147483647;
			files = (
				E00718322991AC200098DD53 /* Preview Assets.xcassets in Resources */,
				E007182F2991AC200098DD53 /* Assets.xcassets in Resources */,
			);
			runOnlyForDeploymentPostprocessing = 0;
		};
		E007183A2991AC210098DD53 /* Resources */ = {
			isa = PBXResourcesBuildPhase;
			buildActionMask = 2147483647;
			files = (
			);
			runOnlyForDeploymentPostprocessing = 0;
		};
		E00718442991AC210098DD53 /* Resources */ = {
			isa = PBXResourcesBuildPhase;
			buildActionMask = 2147483647;
			files = (
			);
			runOnlyForDeploymentPostprocessing = 0;
		};
/* End PBXResourcesBuildPhase section */

/* Begin PBXSourcesBuildPhase section */
		E00718232991AC1F0098DD53 /* Sources */ = {
			isa = PBXSourcesBuildPhase;
			buildActionMask = 2147483647;
			files = (
				E0071885299233B10098DD53 /* SearchBarView.swift in Sources */,
				E00718342991AC200098DD53 /* Persistence.swift in Sources */,
				E00718722991D3430098DD53 /* Double.swift in Sources */,
				E00718372991AC200098DD53 /* CryptoDemo.xcdatamodeld in Sources */,
				E0071879299207A90098DD53 /* NetworkingManager.swift in Sources */,
				E007186E2991C93D0098DD53 /* CoinRowView.swift in Sources */,
				E007187C29920D860098DD53 /* CoinImageView.swift in Sources */,
				E0071882299222280098DD53 /* LocalFileManager.swift in Sources */,
				E00718672991B3A30098DD53 /* CircleButtonView.swift in Sources */,
				E007187E29920FAE0098DD53 /* CoinImageService.swift in Sources */,
				E00718692991B9620098DD53 /* CircleButtonAnimationView.swift in Sources */,
				E00718802992112D0098DD53 /* CoinImageViewModel.swift in Sources */,
				E00718772991F67B0098DD53 /* CoinDataService.swift in Sources */,
				E007182D2991AC1F0098DD53 /* ContentView.swift in Sources */,
				E00718702991C9F30098DD53 /* PreviewProvider.swift in Sources */,
				E0071887299239540098DD53 /* UIApplication.swift in Sources */,
				E00718742991E1C30098DD53 /* HomeViewModel.swift in Sources */,
				E00718632991B1F90098DD53 /* HomeView.swift in Sources */,
				E007185D2991AE910098DD53 /* Color.swift in Sources */,
				E007186C2991C12F0098DD53 /* CoinModel.swift in Sources */,
				E007182B2991AC1F0098DD53 /* CryptoDemoApp.swift in Sources */,
			);
			runOnlyForDeploymentPostprocessing = 0;
		};
		E00718382991AC210098DD53 /* Sources */ = {
			isa = PBXSourcesBuildPhase;
			buildActionMask = 2147483647;
			files = (
				E00718412991AC210098DD53 /* CryptoDemoTests.swift in Sources */,
			);
			runOnlyForDeploymentPostprocessing = 0;
		};
		E00718422991AC210098DD53 /* Sources */ = {
			isa = PBXSourcesBuildPhase;
			buildActionMask = 2147483647;
			files = (
				E007184D2991AC210098DD53 /* CryptoDemoUITestsLaunchTests.swift in Sources */,
				E007184B2991AC210098DD53 /* CryptoDemoUITests.swift in Sources */,
			);
			runOnlyForDeploymentPostprocessing = 0;
		};
/* End PBXSourcesBuildPhase section */

/* Begin PBXTargetDependency section */
		E007183E2991AC210098DD53 /* PBXTargetDependency */ = {
			isa = PBXTargetDependency;
			target = E00718262991AC1F0098DD53 /* CryptoDemo */;
			targetProxy = E007183D2991AC210098DD53 /* PBXContainerItemProxy */;
		};
		E00718482991AC210098DD53 /* PBXTargetDependency */ = {
			isa = PBXTargetDependency;
			target = E00718262991AC1F0098DD53 /* CryptoDemo */;
			targetProxy = E00718472991AC210098DD53 /* PBXContainerItemProxy */;
		};
/* End PBXTargetDependency section */

/* Begin XCBuildConfiguration section */
		E007184E2991AC210098DD53 /* Debug */ = {
			isa = XCBuildConfiguration;
			buildSettings = {
				ALWAYS_SEARCH_USER_PATHS = NO;
				CLANG_ANALYZER_NONNULL = YES;
				CLANG_ANALYZER_NUMBER_OBJECT_CONVERSION = YES_AGGRESSIVE;
				CLANG_CXX_LANGUAGE_STANDARD = "gnu++20";
				CLANG_ENABLE_MODULES = YES;
				CLANG_ENABLE_OBJC_ARC = YES;
				CLANG_ENABLE_OBJC_WEAK = YES;
				CLANG_WARN_BLOCK_CAPTURE_AUTORELEASING = YES;
				CLANG_WARN_BOOL_CONVERSION = YES;
				CLANG_WARN_COMMA = YES;
				CLANG_WARN_CONSTANT_CONVERSION = YES;
				CLANG_WARN_DEPRECATED_OBJC_IMPLEMENTATIONS = YES;
				CLANG_WARN_DIRECT_OBJC_ISA_USAGE = YES_ERROR;
				CLANG_WARN_DOCUMENTATION_COMMENTS = YES;
				CLANG_WARN_EMPTY_BODY = YES;
				CLANG_WARN_ENUM_CONVERSION = YES;
				CLANG_WARN_INFINITE_RECURSION = YES;
				CLANG_WARN_INT_CONVERSION = YES;
				CLANG_WARN_NON_LITERAL_NULL_CONVERSION = YES;
				CLANG_WARN_OBJC_IMPLICIT_RETAIN_SELF = YES;
				CLANG_WARN_OBJC_LITERAL_CONVERSION = YES;
				CLANG_WARN_OBJC_ROOT_CLASS = YES_ERROR;
				CLANG_WARN_QUOTED_INCLUDE_IN_FRAMEWORK_HEADER = YES;
				CLANG_WARN_RANGE_LOOP_ANALYSIS = YES;
				CLANG_WARN_STRICT_PROTOTYPES = YES;
				CLANG_WARN_SUSPICIOUS_MOVE = YES;
				CLANG_WARN_UNGUARDED_AVAILABILITY = YES_AGGRESSIVE;
				CLANG_WARN_UNREACHABLE_CODE = YES;
				CLANG_WARN__DUPLICATE_METHOD_MATCH = YES;
				COPY_PHASE_STRIP = NO;
				DEBUG_INFORMATION_FORMAT = dwarf;
				ENABLE_STRICT_OBJC_MSGSEND = YES;
				ENABLE_TESTABILITY = YES;
				GCC_C_LANGUAGE_STANDARD = gnu11;
				GCC_DYNAMIC_NO_PIC = NO;
				GCC_NO_COMMON_BLOCKS = YES;
				GCC_OPTIMIZATION_LEVEL = 0;
				GCC_PREPROCESSOR_DEFINITIONS = (
					"DEBUG=1",
					"$(inherited)",
				);
				GCC_WARN_64_TO_32_BIT_CONVERSION = YES;
				GCC_WARN_ABOUT_RETURN_TYPE = YES_ERROR;
				GCC_WARN_UNDECLARED_SELECTOR = YES;
				GCC_WARN_UNINITIALIZED_AUTOS = YES_AGGRESSIVE;
				GCC_WARN_UNUSED_FUNCTION = YES;
				GCC_WARN_UNUSED_VARIABLE = YES;
				IPHONEOS_DEPLOYMENT_TARGET = 16.2;
				MTL_ENABLE_DEBUG_INFO = INCLUDE_SOURCE;
				MTL_FAST_MATH = YES;
				ONLY_ACTIVE_ARCH = YES;
				SDKROOT = iphoneos;
				SWIFT_ACTIVE_COMPILATION_CONDITIONS = DEBUG;
				SWIFT_OPTIMIZATION_LEVEL = "-Onone";
			};
			name = Debug;
		};
		E007184F2991AC210098DD53 /* Release */ = {
			isa = XCBuildConfiguration;
			buildSettings = {
				ALWAYS_SEARCH_USER_PATHS = NO;
				CLANG_ANALYZER_NONNULL = YES;
				CLANG_ANALYZER_NUMBER_OBJECT_CONVERSION = YES_AGGRESSIVE;
				CLANG_CXX_LANGUAGE_STANDARD = "gnu++20";
				CLANG_ENABLE_MODULES = YES;
				CLANG_ENABLE_OBJC_ARC = YES;
				CLANG_ENABLE_OBJC_WEAK = YES;
				CLANG_WARN_BLOCK_CAPTURE_AUTORELEASING = YES;
				CLANG_WARN_BOOL_CONVERSION = YES;
				CLANG_WARN_COMMA = YES;
				CLANG_WARN_CONSTANT_CONVERSION = YES;
				CLANG_WARN_DEPRECATED_OBJC_IMPLEMENTATIONS = YES;
				CLANG_WARN_DIRECT_OBJC_ISA_USAGE = YES_ERROR;
				CLANG_WARN_DOCUMENTATION_COMMENTS = YES;
				CLANG_WARN_EMPTY_BODY = YES;
				CLANG_WARN_ENUM_CONVERSION = YES;
				CLANG_WARN_INFINITE_RECURSION = YES;
				CLANG_WARN_INT_CONVERSION = YES;
				CLANG_WARN_NON_LITERAL_NULL_CONVERSION = YES;
				CLANG_WARN_OBJC_IMPLICIT_RETAIN_SELF = YES;
				CLANG_WARN_OBJC_LITERAL_CONVERSION = YES;
				CLANG_WARN_OBJC_ROOT_CLASS = YES_ERROR;
				CLANG_WARN_QUOTED_INCLUDE_IN_FRAMEWORK_HEADER = YES;
				CLANG_WARN_RANGE_LOOP_ANALYSIS = YES;
				CLANG_WARN_STRICT_PROTOTYPES = YES;
				CLANG_WARN_SUSPICIOUS_MOVE = YES;
				CLANG_WARN_UNGUARDED_AVAILABILITY = YES_AGGRESSIVE;
				CLANG_WARN_UNREACHABLE_CODE = YES;
				CLANG_WARN__DUPLICATE_METHOD_MATCH = YES;
				COPY_PHASE_STRIP = NO;
				DEBUG_INFORMATION_FORMAT = "dwarf-with-dsym";
				ENABLE_NS_ASSERTIONS = NO;
				ENABLE_STRICT_OBJC_MSGSEND = YES;
				GCC_C_LANGUAGE_STANDARD = gnu11;
				GCC_NO_COMMON_BLOCKS = YES;
				GCC_WARN_64_TO_32_BIT_CONVERSION = YES;
				GCC_WARN_ABOUT_RETURN_TYPE = YES_ERROR;
				GCC_WARN_UNDECLARED_SELECTOR = YES;
				GCC_WARN_UNINITIALIZED_AUTOS = YES_AGGRESSIVE;
				GCC_WARN_UNUSED_FUNCTION = YES;
				GCC_WARN_UNUSED_VARIABLE = YES;
				IPHONEOS_DEPLOYMENT_TARGET = 16.2;
				MTL_ENABLE_DEBUG_INFO = NO;
				MTL_FAST_MATH = YES;
				SDKROOT = iphoneos;
				SWIFT_COMPILATION_MODE = wholemodule;
				SWIFT_OPTIMIZATION_LEVEL = "-O";
				VALIDATE_PRODUCT = YES;
			};
			name = Release;
		};
		E00718512991AC210098DD53 /* Debug */ = {
			isa = XCBuildConfiguration;
			buildSettings = {
				ASSETCATALOG_COMPILER_APPICON_NAME = AppIcon;
				ASSETCATALOG_COMPILER_GLOBAL_ACCENT_COLOR_NAME = AccentColor;
				CODE_SIGN_STYLE = Automatic;
				CURRENT_PROJECT_VERSION = 1;
				DEVELOPMENT_ASSET_PATHS = "\"CryptoDemo/Preview Content\"";
				DEVELOPMENT_TEAM = 4KWJ24YG9V;
				ENABLE_PREVIEWS = YES;
				GENERATE_INFOPLIST_FILE = YES;
				INFOPLIST_KEY_UIApplicationSceneManifest_Generation = YES;
				INFOPLIST_KEY_UIApplicationSupportsIndirectInputEvents = YES;
				INFOPLIST_KEY_UILaunchScreen_Generation = YES;
				INFOPLIST_KEY_UISupportedInterfaceOrientations_iPad = "UIInterfaceOrientationPortrait UIInterfaceOrientationPortraitUpsideDown UIInterfaceOrientationLandscapeLeft UIInterfaceOrientationLandscapeRight";
				INFOPLIST_KEY_UISupportedInterfaceOrientations_iPhone = "UIInterfaceOrientationPortrait UIInterfaceOrientationLandscapeLeft UIInterfaceOrientationLandscapeRight";
				LD_RUNPATH_SEARCH_PATHS = (
					"$(inherited)",
					"@executable_path/Frameworks",
				);
				MARKETING_VERSION = 1.0;
				PRODUCT_BUNDLE_IDENTIFIER = ceriosrey.CryptoDemo;
				PRODUCT_NAME = "$(TARGET_NAME)";
				SWIFT_EMIT_LOC_STRINGS = YES;
				SWIFT_VERSION = 5.0;
				TARGETED_DEVICE_FAMILY = "1,2";
			};
			name = Debug;
		};
		E00718522991AC210098DD53 /* Release */ = {
			isa = XCBuildConfiguration;
			buildSettings = {
				ASSETCATALOG_COMPILER_APPICON_NAME = AppIcon;
				ASSETCATALOG_COMPILER_GLOBAL_ACCENT_COLOR_NAME = AccentColor;
				CODE_SIGN_STYLE = Automatic;
				CURRENT_PROJECT_VERSION = 1;
				DEVELOPMENT_ASSET_PATHS = "\"CryptoDemo/Preview Content\"";
				DEVELOPMENT_TEAM = 4KWJ24YG9V;
				ENABLE_PREVIEWS = YES;
				GENERATE_INFOPLIST_FILE = YES;
				INFOPLIST_KEY_UIApplicationSceneManifest_Generation = YES;
				INFOPLIST_KEY_UIApplicationSupportsIndirectInputEvents = YES;
				INFOPLIST_KEY_UILaunchScreen_Generation = YES;
				INFOPLIST_KEY_UISupportedInterfaceOrientations_iPad = "UIInterfaceOrientationPortrait UIInterfaceOrientationPortraitUpsideDown UIInterfaceOrientationLandscapeLeft UIInterfaceOrientationLandscapeRight";
				INFOPLIST_KEY_UISupportedInterfaceOrientations_iPhone = "UIInterfaceOrientationPortrait UIInterfaceOrientationLandscapeLeft UIInterfaceOrientationLandscapeRight";
				LD_RUNPATH_SEARCH_PATHS = (
					"$(inherited)",
					"@executable_path/Frameworks",
				);
				MARKETING_VERSION = 1.0;
				PRODUCT_BUNDLE_IDENTIFIER = ceriosrey.CryptoDemo;
				PRODUCT_NAME = "$(TARGET_NAME)";
				SWIFT_EMIT_LOC_STRINGS = YES;
				SWIFT_VERSION = 5.0;
				TARGETED_DEVICE_FAMILY = "1,2";
			};
			name = Release;
		};
		E00718542991AC210098DD53 /* Debug */ = {
			isa = XCBuildConfiguration;
			buildSettings = {
				ALWAYS_EMBED_SWIFT_STANDARD_LIBRARIES = YES;
				BUNDLE_LOADER = "$(TEST_HOST)";
				CODE_SIGN_STYLE = Automatic;
				CURRENT_PROJECT_VERSION = 1;
				DEVELOPMENT_TEAM = 4KWJ24YG9V;
				GENERATE_INFOPLIST_FILE = YES;
				IPHONEOS_DEPLOYMENT_TARGET = 16.2;
				MARKETING_VERSION = 1.0;
				PRODUCT_BUNDLE_IDENTIFIER = ceriosrey.CryptoDemoTests;
				PRODUCT_NAME = "$(TARGET_NAME)";
				SWIFT_EMIT_LOC_STRINGS = NO;
				SWIFT_VERSION = 5.0;
				TARGETED_DEVICE_FAMILY = "1,2";
				TEST_HOST = "$(BUILT_PRODUCTS_DIR)/CryptoDemo.app/$(BUNDLE_EXECUTABLE_FOLDER_PATH)/CryptoDemo";
			};
			name = Debug;
		};
		E00718552991AC210098DD53 /* Release */ = {
			isa = XCBuildConfiguration;
			buildSettings = {
				ALWAYS_EMBED_SWIFT_STANDARD_LIBRARIES = YES;
				BUNDLE_LOADER = "$(TEST_HOST)";
				CODE_SIGN_STYLE = Automatic;
				CURRENT_PROJECT_VERSION = 1;
				DEVELOPMENT_TEAM = 4KWJ24YG9V;
				GENERATE_INFOPLIST_FILE = YES;
				IPHONEOS_DEPLOYMENT_TARGET = 16.2;
				MARKETING_VERSION = 1.0;
				PRODUCT_BUNDLE_IDENTIFIER = ceriosrey.CryptoDemoTests;
				PRODUCT_NAME = "$(TARGET_NAME)";
				SWIFT_EMIT_LOC_STRINGS = NO;
				SWIFT_VERSION = 5.0;
				TARGETED_DEVICE_FAMILY = "1,2";
				TEST_HOST = "$(BUILT_PRODUCTS_DIR)/CryptoDemo.app/$(BUNDLE_EXECUTABLE_FOLDER_PATH)/CryptoDemo";
			};
			name = Release;
		};
		E00718572991AC210098DD53 /* Debug */ = {
			isa = XCBuildConfiguration;
			buildSettings = {
				ALWAYS_EMBED_SWIFT_STANDARD_LIBRARIES = YES;
				CODE_SIGN_STYLE = Automatic;
				CURRENT_PROJECT_VERSION = 1;
				DEVELOPMENT_TEAM = 4KWJ24YG9V;
				GENERATE_INFOPLIST_FILE = YES;
				MARKETING_VERSION = 1.0;
				PRODUCT_BUNDLE_IDENTIFIER = ceriosrey.CryptoDemoUITests;
				PRODUCT_NAME = "$(TARGET_NAME)";
				SWIFT_EMIT_LOC_STRINGS = NO;
				SWIFT_VERSION = 5.0;
				TARGETED_DEVICE_FAMILY = "1,2";
				TEST_TARGET_NAME = CryptoDemo;
			};
			name = Debug;
		};
		E00718582991AC210098DD53 /* Release */ = {
			isa = XCBuildConfiguration;
			buildSettings = {
				ALWAYS_EMBED_SWIFT_STANDARD_LIBRARIES = YES;
				CODE_SIGN_STYLE = Automatic;
				CURRENT_PROJECT_VERSION = 1;
				DEVELOPMENT_TEAM = 4KWJ24YG9V;
				GENERATE_INFOPLIST_FILE = YES;
				MARKETING_VERSION = 1.0;
				PRODUCT_BUNDLE_IDENTIFIER = ceriosrey.CryptoDemoUITests;
				PRODUCT_NAME = "$(TARGET_NAME)";
				SWIFT_EMIT_LOC_STRINGS = NO;
				SWIFT_VERSION = 5.0;
				TARGETED_DEVICE_FAMILY = "1,2";
				TEST_TARGET_NAME = CryptoDemo;
			};
			name = Release;
		};
/* End XCBuildConfiguration section */

/* Begin XCConfigurationList section */
		E00718222991AC1F0098DD53 /* Build configuration list for PBXProject "CryptoDemo" */ = {
			isa = XCConfigurationList;
			buildConfigurations = (
				E007184E2991AC210098DD53 /* Debug */,
				E007184F2991AC210098DD53 /* Release */,
			);
			defaultConfigurationIsVisible = 0;
			defaultConfigurationName = Release;
		};
		E00718502991AC210098DD53 /* Build configuration list for PBXNativeTarget "CryptoDemo" */ = {
			isa = XCConfigurationList;
			buildConfigurations = (
				E00718512991AC210098DD53 /* Debug */,
				E00718522991AC210098DD53 /* Release */,
			);
			defaultConfigurationIsVisible = 0;
			defaultConfigurationName = Release;
		};
		E00718532991AC210098DD53 /* Build configuration list for PBXNativeTarget "CryptoDemoTests" */ = {
			isa = XCConfigurationList;
			buildConfigurations = (
				E00718542991AC210098DD53 /* Debug */,
				E00718552991AC210098DD53 /* Release */,
			);
			defaultConfigurationIsVisible = 0;
			defaultConfigurationName = Release;
		};
		E00718562991AC210098DD53 /* Build configuration list for PBXNativeTarget "CryptoDemoUITests" */ = {
			isa = XCConfigurationList;
			buildConfigurations = (
				E00718572991AC210098DD53 /* Debug */,
				E00718582991AC210098DD53 /* Release */,
			);
			defaultConfigurationIsVisible = 0;
			defaultConfigurationName = Release;
		};
/* End XCConfigurationList section */

/* Begin XCVersionGroup section */
		E00718352991AC200098DD53 /* CryptoDemo.xcdatamodeld */ = {
			isa = XCVersionGroup;
			children = (
				E00718362991AC200098DD53 /* CryptoDemo.xcdatamodel */,
			);
			currentVersion = E00718362991AC200098DD53 /* CryptoDemo.xcdatamodel */;
			path = CryptoDemo.xcdatamodeld;
			sourceTree = "<group>";
			versionGroupType = wrapper.xcdatamodel;
		};
/* End XCVersionGroup section */
	};
	rootObject = E007181F2991AC1F0098DD53 /* Project object */;
}
